{
  "requires": true,
  "lockfileVersion": 1,
  "dependencies": {
    "crypto": {
      "version": "1.0.1",
      "resolved": "https://registry.npmmirror.com/crypto/download/crypto-1.0.1.tgz",
      "integrity": "sha1-KvG3ytgXXSTIobB3glV5SiGAMDc="
    },
    "crypto-js": {
      "version": "4.1.1",
      "resolved": "https://registry.nlark.com/crypto-js/download/crypto-js-4.1.1.tgz",
      "integrity": "sha1-nkhbzwNSEEG9hYRHhrg/t2GXNs8="
    }
  }
}
