{
  "requires": true,
  "lockfileVersion": 1,
  "dependencies": {
    "babel-plugin-add-module-exports": {
      "version": "0.2.1",
      "resolved": "https://registry.npmmirror.com/babel-plugin-add-module-exports/download/babel-plugin-add-module-exports-0.2.1.tgz",
      "integrity": "sha1-mumh9KjcZ/DN7E9K7aHkOl/2XiU="
    },
    "merge": {
      "version": "2.1.1",
      "resolved": "https://registry.npm.taobao.org/merge/download/merge-2.1.1.tgz",
      "integrity": "sha1-We9L9+Cz6HkYZDboSBwGpsFiypg="
    },
    "vue": {
      "version": "2.6.14",
      "resolved": "https://registry.npmmirror.com/vue/download/vue-2.6.14.tgz",
      "integrity": "sha1-5RqlJQJQ1Wmj+606ilpofWA24jU="
    },
    "vue-pagination": {
      "version": "0.3.3",
      "resolved": "https://registry.npmmirror.com/vue-pagination/download/vue-pagination-0.3.3.tgz",
      "integrity": "sha1-6+g69aMja/1jojN9jVBVV1oX6R0="
    },
    "vue-pagination-2": {
      "version": "3.0.91",
      "resolved": "https://registry.npmmirror.com/vue-pagination-2/download/vue-pagination-2-3.0.91.tgz",
      "integrity": "sha1-8LtQdioIEYw4fp6oUwszt7hgdRw=",
      "requires": {
        "babel-plugin-add-module-exports": "^0.2.1",
        "merge": "^2.1.1",
        "vue": ">=2.0.0",
        "vuex": "^2.0.0"
      }
    },
    "vuex": {
      "version": "2.5.0",
      "resolved": "https://registry.nlark.com/vuex/download/vuex-2.5.0.tgz?cache=0&other_urls=https%3A%2F%2Fregistry.nlark.com%2Fvuex%2Fdownload%2Fvuex-2.5.0.tgz",
      "integrity": "sha1-IPAmWt5smlrGckpAXT/9tHJsl0E="
    }
  }
}
